
Microsoft Visual Studio Solution File, Format Version 12.00
# Visual Studio Version 17
VisualStudioVersion = 17.8.34322.80
MinimumVisualStudioVersion = 10.0.40219.1
Project("{FAE04EC0-301F-11D3-BF4B-00C04F79EFBC}") = "EMS.API", "EMS.API\EMS.API.csproj", "{97EB7CEC-B1F4-43CB-8D13-79FC39929CA0}"
EndProject
Global
	GlobalSection(SolutionConfigurationPlatforms) = preSolution
		Debug|Any CPU = Debug|Any CPU
		Release|Any CPU = Release|Any CPU
	EndGlobalSection
	GlobalSection(ProjectConfigurationPlatforms) = postSolution
		{97EB7CEC-B1F4-43CB-8D13-79FC39929CA0}.Debug|Any CPU.ActiveCfg = Debug|Any CPU
		{97EB7CEC-B1F4-43CB-8D13-79FC39929CA0}.Debug|Any CPU.Build.0 = Debug|Any CPU
		{97EB7CEC-B1F4-43CB-8D13-79FC39929CA0}.Release|Any CPU.ActiveCfg = Release|Any CPU
		{97EB7CEC-B1F4-43CB-8D13-79FC39929CA0}.Release|Any CPU.Build.0 = Release|Any CPU
	EndGlobalSection
	GlobalSection(SolutionProperties) = preSolution
		HideSolutionNode = FALSE
	EndGlobalSection
	GlobalSection(ExtensibilityGlobals) = postSolution
		SolutionGuid = {BB92A955-D688-410C-ADFD-9DA88EFC5874}
	EndGlobalSection
EndGlobal
